
Microsoft Visual Studio Solution File, Format Version 12.00
# Visual Studio 15
VisualStudioVersion = 15.0.28307.572
MinimumVisualStudioVersion = 10.0.40219.1
Project("{FAE04EC0-301F-11D3-BF4B-00C04F79EFBC}") = "HandwritingAutofac", "HandwritingAutofac\HandwritingAutofac.csproj", "{3E50F664-72D7-4674-992A-8DD295E14525}"
EndProject
Project("{FAE04EC0-301F-11D3-BF4B-00C04F79EFBC}") = "MyAutofac", "MyAutofac\MyAutofac.csproj", "{D271AEA8-FA51-4F7E-80EE-4B29A017DF5A}"
EndProject
Global
	GlobalSection(SolutionConfigurationPlatforms) = preSolution
		Debug|Any CPU = Debug|Any CPU
		Release|Any CPU = Release|Any CPU
	EndGlobalSection
	GlobalSection(ProjectConfigurationPlatforms) = postSolution
		{3E50F664-72D7-4674-992A-8DD295E14525}.Debug|Any CPU.ActiveCfg = Debug|Any CPU
		{3E50F664-72D7-4674-992A-8DD295E14525}.Debug|Any CPU.Build.0 = Debug|Any CPU
		{3E50F664-72D7-4674-992A-8DD295E14525}.Release|Any CPU.ActiveCfg = Release|Any CPU
		{3E50F664-72D7-4674-992A-8DD295E14525}.Release|Any CPU.Build.0 = Release|Any CPU
		{D271AEA8-FA51-4F7E-80EE-4B29A017DF5A}.Debug|Any CPU.ActiveCfg = Debug|Any CPU
		{D271AEA8-FA51-4F7E-80EE-4B29A017DF5A}.Debug|Any CPU.Build.0 = Debug|Any CPU
		{D271AEA8-FA51-4F7E-80EE-4B29A017DF5A}.Release|Any CPU.ActiveCfg = Release|Any CPU
		{D271AEA8-FA51-4F7E-80EE-4B29A017DF5A}.Release|Any CPU.Build.0 = Release|Any CPU
	EndGlobalSection
	GlobalSection(SolutionProperties) = preSolution
		HideSolutionNode = FALSE
	EndGlobalSection
	GlobalSection(ExtensibilityGlobals) = postSolution
		SolutionGuid = {90D63D2D-4D91-4CDC-A000-F3C560480115}
	EndGlobalSection
EndGlobal
